
Microsoft Visual Studio Solution File, Format Version 12.00
# Visual Studio Version 16
VisualStudioVersion = 16.0.29102.190
MinimumVisualStudioVersion = 10.0.40219.1
Project("{FAE04EC0-301F-11D3-BF4B-00C04F79EFBC}") = "HttpConsoleApp", "HttpConsoleApp\HttpConsoleApp.csproj", "{D46BD34D-BF6E-448E-A19E-226461BF2AEA}"
EndProject
Project("{FAE04EC0-301F-11D3-BF4B-00C04F79EFBC}") = "Initialization", "Initialization\Initialization.csproj", "{148F3F75-9F01-4790-BC17-4BFD669347A4}"
EndProject
Project("{FAE04EC0-301F-11D3-BF4B-00C04F79EFBC}") = "OptionTable", "OptionTable\OptionTable.csproj", "{1CBD2A3A-5909-4C86-A460-9B74AE914B9E}"
EndProject
Project("{FAE04EC0-301F-11D3-BF4B-00C04F79EFBC}") = "ChatbotCustomer", "ChatbotCustomer\ChatbotCustomer.csproj", "{AD8AC76B-F8B8-433A-88A9-E8627FB32E47}"
EndProject
Project("{FAE04EC0-301F-11D3-BF4B-00C04F79EFBC}") = "Customers", "Customers\Customers.csproj", "{20ACAD89-27C2-4562-8723-88DCF62B0A34}"
EndProject
Global
	GlobalSection(SolutionConfigurationPlatforms) = preSolution
		Debug|Any CPU = Debug|Any CPU
		Release|Any CPU = Release|Any CPU
	EndGlobalSection
	GlobalSection(ProjectConfigurationPlatforms) = postSolution
		{D46BD34D-BF6E-448E-A19E-226461BF2AEA}.Debug|Any CPU.ActiveCfg = Debug|Any CPU
		{D46BD34D-BF6E-448E-A19E-226461BF2AEA}.Debug|Any CPU.Build.0 = Debug|Any CPU
		{D46BD34D-BF6E-448E-A19E-226461BF2AEA}.Release|Any CPU.ActiveCfg = Release|Any CPU
		{D46BD34D-BF6E-448E-A19E-226461BF2AEA}.Release|Any CPU.Build.0 = Release|Any CPU
		{148F3F75-9F01-4790-BC17-4BFD669347A4}.Debug|Any CPU.ActiveCfg = Debug|Any CPU
		{148F3F75-9F01-4790-BC17-4BFD669347A4}.Debug|Any CPU.Build.0 = Debug|Any CPU
		{148F3F75-9F01-4790-BC17-4BFD669347A4}.Release|Any CPU.ActiveCfg = Release|Any CPU
		{148F3F75-9F01-4790-BC17-4BFD669347A4}.Release|Any CPU.Build.0 = Release|Any CPU
		{1CBD2A3A-5909-4C86-A460-9B74AE914B9E}.Debug|Any CPU.ActiveCfg = Debug|Any CPU
		{1CBD2A3A-5909-4C86-A460-9B74AE914B9E}.Debug|Any CPU.Build.0 = Debug|Any CPU
		{1CBD2A3A-5909-4C86-A460-9B74AE914B9E}.Release|Any CPU.ActiveCfg = Release|Any CPU
		{1CBD2A3A-5909-4C86-A460-9B74AE914B9E}.Release|Any CPU.Build.0 = Release|Any CPU
		{AD8AC76B-F8B8-433A-88A9-E8627FB32E47}.Debug|Any CPU.ActiveCfg = Debug|Any CPU
		{AD8AC76B-F8B8-433A-88A9-E8627FB32E47}.Debug|Any CPU.Build.0 = Debug|Any CPU
		{AD8AC76B-F8B8-433A-88A9-E8627FB32E47}.Release|Any CPU.ActiveCfg = Release|Any CPU
		{AD8AC76B-F8B8-433A-88A9-E8627FB32E47}.Release|Any CPU.Build.0 = Release|Any CPU
		{20ACAD89-27C2-4562-8723-88DCF62B0A34}.Debug|Any CPU.ActiveCfg = Debug|Any CPU
		{20ACAD89-27C2-4562-8723-88DCF62B0A34}.Debug|Any CPU.Build.0 = Debug|Any CPU
		{20ACAD89-27C2-4562-8723-88DCF62B0A34}.Release|Any CPU.ActiveCfg = Release|Any CPU
		{20ACAD89-27C2-4562-8723-88DCF62B0A34}.Release|Any CPU.Build.0 = Release|Any CPU
	EndGlobalSection
	GlobalSection(SolutionProperties) = preSolution
		HideSolutionNode = FALSE
	EndGlobalSection
	GlobalSection(ExtensibilityGlobals) = postSolution
		SolutionGuid = {B7C9B99F-0D2E-480A-B4FD-C0B872F35CC0}
	EndGlobalSection
EndGlobal
